// !$*UTF8*$!
{
	archiveVersion = 1;
	classes = {
	};
	objectVersion = 46;
	objects = {

/* Begin PBXBuildFile section */
		011C983E1BF9C58B00341F30 /* LocationView.swift in Sources */ = {isa = PBXBuildFile; fileRef = 011C983D1BF9C58B00341F30 /* LocationView.swift */; };
		01CFF5E41C038EFA00B905DE /* libFlurry_7.3.0.a in Frameworks */ = {isa = PBXBuildFile; fileRef = 01CFF5E31C038EFA00B905DE /* libFlurry_7.3.0.a */; };
		01CFF5E61C038F6300B905DE /* Security.framework in Frameworks */ = {isa = PBXBuildFile; fileRef = 01CFF5E51C038F6300B905DE /* Security.framework */; };
		01CFF5E81C038F7000B905DE /* SystemConfiguration.framework in Frameworks */ = {isa = PBXBuildFile; fileRef = 01CFF5E71C038F7000B905DE /* SystemConfiguration.framework */; };
		01F219CC1BF4EB190009E5C8 /* AppDelegate.swift in Sources */ = {isa = PBXBuildFile; fileRef = 01F219CB1BF4EB190009E5C8 /* AppDelegate.swift */; };
		01F219D11BF4EB190009E5C8 /* Main.storyboard in Resources */ = {isa = PBXBuildFile; fileRef = 01F219CF1BF4EB190009E5C8 /* Main.storyboard */; };
		01F219D41BF4EB190009E5C8 /* Goals.xcdatamodeld in Sources */ = {isa = PBXBuildFile; fileRef = 01F219D21BF4EB190009E5C8 /* Goals.xcdatamodeld */; };
		01F219D61BF4EB190009E5C8 /* Assets.xcassets in Resources */ = {isa = PBXBuildFile; fileRef = 01F219D51BF4EB190009E5C8 /* Assets.xcassets */; };
		01F219E41BF4EB190009E5C8 /* GoalsTests.swift in Sources */ = {isa = PBXBuildFile; fileRef = 01F219E31BF4EB190009E5C8 /* GoalsTests.swift */; };
		01F219EF1BF4EB190009E5C8 /* GoalsUITests.swift in Sources */ = {isa = PBXBuildFile; fileRef = 01F219EE1BF4EB190009E5C8 /* GoalsUITests.swift */; };
		01F219FD1BF551430009E5C8 /* Goal.swift in Sources */ = {isa = PBXBuildFile; fileRef = 01F219FC1BF551430009E5C8 /* Goal.swift */; };
		01F219FF1BF551D80009E5C8 /* GoalTableViewCell.swift in Sources */ = {isa = PBXBuildFile; fileRef = 01F219FE1BF551D80009E5C8 /* GoalTableViewCell.swift */; };
		01F21A011BF55B0B0009E5C8 /* GoalTableViewController.swift in Sources */ = {isa = PBXBuildFile; fileRef = 01F21A001BF55B0B0009E5C8 /* GoalTableViewController.swift */; };
		01F21A031BF967250009E5C8 /* ViewController.swift in Sources */ = {isa = PBXBuildFile; fileRef = 01F21A021BF967250009E5C8 /* ViewController.swift */; };
/* End PBXBuildFile section */

/* Begin PBXContainerItemProxy section */
		01F219E01BF4EB190009E5C8 /* PBXContainerItemProxy */ = {
			isa = PBXContainerItemProxy;
			containerPortal = 01F219C01BF4EB190009E5C8 /* Project object */;
			proxyType = 1;
			remoteGlobalIDString = 01F219C71BF4EB190009E5C8;
			remoteInfo = Goals;
		};
		01F219EB1BF4EB190009E5C8 /* PBXContainerItemProxy */ = {
			isa = PBXContainerItemProxy;
			containerPortal = 01F219C01BF4EB190009E5C8 /* Project object */;
			proxyType = 1;
			remoteGlobalIDString = 01F219C71BF4EB190009E5C8;
			remoteInfo = Goals;
		};
/* End PBXContainerItemProxy section */

/* Begin PBXFileReference section */
		011C983D1BF9C58B00341F30 /* LocationView.swift */ = {isa = PBXFileReference; fileEncoding = 4; lastKnownFileType = sourcecode.swift; path = LocationView.swift; sourceTree = "<group>"; };
		01CFF5E21C038EFA00B905DE /* Flurry.h */ = {isa = PBXFileReference; fileEncoding = 4; lastKnownFileType = sourcecode.c.h; path = Flurry.h; sourceTree = "<group>"; };
		01CFF5E31C038EFA00B905DE /* libFlurry_7.3.0.a */ = {isa = PBXFileReference; lastKnownFileType = archive.ar; path = libFlurry_7.3.0.a; sourceTree = "<group>"; };
		01CFF5E51C038F6300B905DE /* Security.framework */ = {isa = PBXFileReference; lastKnownFileType = wrapper.framework; name = Security.framework; path = System/Library/Frameworks/Security.framework; sourceTree = SDKROOT; };
		01CFF5E71C038F7000B905DE /* SystemConfiguration.framework */ = {isa = PBXFileReference; lastKnownFileType = wrapper.framework; name = SystemConfiguration.framework; path = System/Library/Frameworks/SystemConfiguration.framework; sourceTree = SDKROOT; };
		01CFF5EA1C038FFB00B905DE /* Goals-Bridging-Header.h */ = {isa = PBXFileReference; lastKnownFileType = sourcecode.c.h; path = "Goals-Bridging-Header.h"; sourceTree = "<group>"; };
		01F219C81BF4EB190009E5C8 /* Goals.app */ = {isa = PBXFileReference; explicitFileType = wrapper.application; includeInIndex = 0; path = Goals.app; sourceTree = BUILT_PRODUCTS_DIR; };
		01F219CB1BF4EB190009E5C8 /* AppDelegate.swift */ = {isa = PBXFileReference; lastKnownFileType = sourcecode.swift; path = AppDelegate.swift; sourceTree = "<group>"; };
		01F219D01BF4EB190009E5C8 /* Base */ = {isa = PBXFileReference; lastKnownFileType = file.storyboard; name = Base; path = Base.lproj/Main.storyboard; sourceTree = "<group>"; };
		01F219D31BF4EB190009E5C8 /* Goals.xcdatamodel */ = {isa = PBXFileReference; lastKnownFileType = wrapper.xcdatamodel; path = Goals.xcdatamodel; sourceTree = "<group>"; };
		01F219D51BF4EB190009E5C8 /* Assets.xcassets */ = {isa = PBXFileReference; lastKnownFileType = folder.assetcatalog; path = Assets.xcassets; sourceTree = "<group>"; };
		01F219DA1BF4EB190009E5C8 /* Info.plist */ = {isa = PBXFileReference; lastKnownFileType = text.plist.xml; path = Info.plist; sourceTree = "<group>"; };
		01F219DF1BF4EB190009E5C8 /* GoalsTests.xctest */ = {isa = PBXFileReference; explicitFileType = wrapper.cfbundle; includeInIndex = 0; path = GoalsTests.xctest; sourceTree = BUILT_PRODUCTS_DIR; };
		01F219E31BF4EB190009E5C8 /* GoalsTests.swift */ = {isa = PBXFileReference; lastKnownFileType = sourcecode.swift; path = GoalsTests.swift; sourceTree = "<group>"; };
		01F219E51BF4EB190009E5C8 /* Info.plist */ = {isa = PBXFileReference; lastKnownFileType = text.plist.xml; path = Info.plist; sourceTree = "<group>"; };
		01F219EA1BF4EB190009E5C8 /* GoalsUITests.xctest */ = {isa = PBXFileReference; explicitFileType = wrapper.cfbundle; includeInIndex = 0; path = GoalsUITests.xctest; sourceTree = BUILT_PRODUCTS_DIR; };
		01F219EE1BF4EB190009E5C8 /* GoalsUITests.swift */ = {isa = PBXFileReference; lastKnownFileType = sourcecode.swift; path = GoalsUITests.swift; sourceTree = "<group>"; };
		01F219F01BF4EB190009E5C8 /* Info.plist */ = {isa = PBXFileReference; lastKnownFileType = text.plist.xml; path = Info.plist; sourceTree = "<group>"; };
		01F219FC1BF551430009E5C8 /* Goal.swift */ = {isa = PBXFileReference; fileEncoding = 4; lastKnownFileType = sourcecode.swift; path = Goal.swift; sourceTree = "<group>"; };
		01F219FE1BF551D80009E5C8 /* GoalTableViewCell.swift */ = {isa = PBXFileReference; fileEncoding = 4; lastKnownFileType = sourcecode.swift; path = GoalTableViewCell.swift; sourceTree = "<group>"; };
		01F21A001BF55B0B0009E5C8 /* GoalTableViewController.swift */ = {isa = PBXFileReference; fileEncoding = 4; lastKnownFileType = sourcecode.swift; path = GoalTableViewController.swift; sourceTree = "<group>"; };
		01F21A021BF967250009E5C8 /* ViewController.swift */ = {isa = PBXFileReference; fileEncoding = 4; lastKnownFileType = sourcecode.swift; path = ViewController.swift; sourceTree = "<group>"; };
/* End PBXFileReference section */

/* Begin PBXFrameworksBuildPhase section */
		01F219C51BF4EB190009E5C8 /* Frameworks */ = {
			isa = PBXFrameworksBuildPhase;
			buildActionMask = 2147483647;
			files = (
				01CFF5E81C038F7000B905DE /* SystemConfiguration.framework in Frameworks */,
				01CFF5E61C038F6300B905DE /* Security.framework in Frameworks */,
				01CFF5E41C038EFA00B905DE /* libFlurry_7.3.0.a in Frameworks */,
			);
			runOnlyForDeploymentPostprocessing = 0;
		};
		01F219DC1BF4EB190009E5C8 /* Frameworks */ = {
			isa = PBXFrameworksBuildPhase;
			buildActionMask = 2147483647;
			files = (
			);
			runOnlyForDeploymentPostprocessing = 0;
		};
		01F219E71BF4EB190009E5C8 /* Frameworks */ = {
			isa = PBXFrameworksBuildPhase;
			buildActionMask = 2147483647;
			files = (
			);
			runOnlyForDeploymentPostprocessing = 0;
		};
/* End PBXFrameworksBuildPhase section */

/* Begin PBXGroup section */
		01F219BF1BF4EB190009E5C8 = {
			isa = PBXGroup;
			children = (
				01CFF5E71C038F7000B905DE /* SystemConfiguration.framework */,
				01CFF5E51C038F6300B905DE /* Security.framework */,
				01F219CA1BF4EB190009E5C8 /* Goals */,
				01F219E21BF4EB190009E5C8 /* GoalsTests */,
				01F219ED1BF4EB190009E5C8 /* GoalsUITests */,
				01F219C91BF4EB190009E5C8 /* Products */,
			);
			sourceTree = "<group>";
		};
		01F219C91BF4EB190009E5C8 /* Products */ = {
			isa = PBXGroup;
			children = (
				01F219C81BF4EB190009E5C8 /* Goals.app */,
				01F219DF1BF4EB190009E5C8 /* GoalsTests.xctest */,
				01F219EA1BF4EB190009E5C8 /* GoalsUITests.xctest */,
			);
			name = Products;
			sourceTree = "<group>";
		};
		01F219CA1BF4EB190009E5C8 /* Goals */ = {
			isa = PBXGroup;
			children = (
				01CFF5E21C038EFA00B905DE /* Flurry.h */,
				01CFF5E31C038EFA00B905DE /* libFlurry_7.3.0.a */,
				01F219CB1BF4EB190009E5C8 /* AppDelegate.swift */,
				01F219CF1BF4EB190009E5C8 /* Main.storyboard */,
				01F21A021BF967250009E5C8 /* ViewController.swift */,
				01F21A001BF55B0B0009E5C8 /* GoalTableViewController.swift */,
				011C983D1BF9C58B00341F30 /* LocationView.swift */,
				01F219FC1BF551430009E5C8 /* Goal.swift */,
				01F219D51BF4EB190009E5C8 /* Assets.xcassets */,
				01F219FE1BF551D80009E5C8 /* GoalTableViewCell.swift */,
				01F219DA1BF4EB190009E5C8 /* Info.plist */,
				01F219D21BF4EB190009E5C8 /* Goals.xcdatamodeld */,
				01CFF5EA1C038FFB00B905DE /* Goals-Bridging-Header.h */,
			);
			path = Goals;
			sourceTree = "<group>";
		};
		01F219E21BF4EB190009E5C8 /* GoalsTests */ = {
			isa = PBXGroup;
			children = (
				01F219E31BF4EB190009E5C8 /* GoalsTests.swift */,
				01F219E51BF4EB190009E5C8 /* Info.plist */,
			);
			path = GoalsTests;
			sourceTree = "<group>";
		};
		01F219ED1BF4EB190009E5C8 /* GoalsUITests */ = {
			isa = PBXGroup;
			children = (
				01F219EE1BF4EB190009E5C8 /* GoalsUITests.swift */,
				01F219F01BF4EB190009E5C8 /* Info.plist */,
			);
			path = GoalsUITests;
			sourceTree = "<group>";
		};
/* End PBXGroup section */

/* Begin PBXNativeTarget section */
		01F219C71BF4EB190009E5C8 /* Goals */ = {
			isa = PBXNativeTarget;
			buildConfigurationList = 01F219F31BF4EB190009E5C8 /* Build configuration list for PBXNativeTarget "Goals" */;
			buildPhases = (
				01F219C41BF4EB190009E5C8 /* Sources */,
				01F219C51BF4EB190009E5C8 /* Frameworks */,
				01F219C61BF4EB190009E5C8 /* Resources */,
			);
			buildRules = (
			);
			dependencies = (
			);
			name = Goals;
			productName = Goals;
			productReference = 01F219C81BF4EB190009E5C8 /* Goals.app */;
			productType = "com.apple.product-type.application";
		};
		01F219DE1BF4EB190009E5C8 /* GoalsTests */ = {
			isa = PBXNativeTarget;
			buildConfigurationList = 01F219F61BF4EB190009E5C8 /* Build configuration list for PBXNativeTarget "GoalsTests" */;
			buildPhases = (
				01F219DB1BF4EB190009E5C8 /* Sources */,
				01F219DC1BF4EB190009E5C8 /* Frameworks */,
				01F219DD1BF4EB190009E5C8 /* Resources */,
			);
			buildRules = (
			);
			dependencies = (
				01F219E11BF4EB190009E5C8 /* PBXTargetDependency */,
			);
			name = GoalsTests;
			productName = GoalsTests;
			productReference = 01F219DF1BF4EB190009E5C8 /* GoalsTests.xctest */;
			productType = "com.apple.product-type.bundle.unit-test";
		};
		01F219E91BF4EB190009E5C8 /* GoalsUITests */ = {
			isa = PBXNativeTarget;
			buildConfigurationList = 01F219F91BF4EB190009E5C8 /* Build configuration list for PBXNativeTarget "GoalsUITests" */;
			buildPhases = (
				01F219E61BF4EB190009E5C8 /* Sources */,
				01F219E71BF4EB190009E5C8 /* Frameworks */,
				01F219E81BF4EB190009E5C8 /* Resources */,
			);
			buildRules = (
			);
			dependencies = (
				01F219EC1BF4EB190009E5C8 /* PBXTargetDependency */,
			);
			name = GoalsUITests;
			productName = GoalsUITests;
			productReference = 01F219EA1BF4EB190009E5C8 /* GoalsUITests.xctest */;
			productType = "com.apple.product-type.bundle.ui-testing";
		};
/* End PBXNativeTarget section */

/* Begin PBXProject section */
		01F219C01BF4EB190009E5C8 /* Project object */ = {
			isa = PBXProject;
			attributes = {
				LastSwiftUpdateCheck = 0710;
				LastUpgradeCheck = 0710;
				ORGANIZATIONNAME = "Lauren Barker";
				TargetAttributes = {
					01F219C71BF4EB190009E5C8 = {
						CreatedOnToolsVersion = 7.1;
						DevelopmentTeam = NQ2VT6586N;
					};
					01F219DE1BF4EB190009E5C8 = {
						CreatedOnToolsVersion = 7.1;
						DevelopmentTeam = NQ2VT6586N;
						TestTargetID = 01F219C71BF4EB190009E5C8;
					};
					01F219E91BF4EB190009E5C8 = {
						CreatedOnToolsVersion = 7.1;
						DevelopmentTeam = NQ2VT6586N;
						TestTargetID = 01F219C71BF4EB190009E5C8;
					};
				};
			};
			buildConfigurationList = 01F219C31BF4EB190009E5C8 /* Build configuration list for PBXProject "Goals" */;
			compatibilityVersion = "Xcode 3.2";
			developmentRegion = English;
			hasScannedForEncodings = 0;
			knownRegions = (
				en,
				Base,
			);
			mainGroup = 01F219BF1BF4EB190009E5C8;
			productRefGroup = 01F219C91BF4EB190009E5C8 /* Products */;
			projectDirPath = "";
			projectRoot = "";
			targets = (
				01F219C71BF4EB190009E5C8 /* Goals */,
				01F219DE1BF4EB190009E5C8 /* GoalsTests */,
				01F219E91BF4EB190009E5C8 /* GoalsUITests */,
			);
		};
/* End PBXProject section */

/* Begin PBXResourcesBuildPhase section */
		01F219C61BF4EB190009E5C8 /* Resources */ = {
			isa = PBXResourcesBuildPhase;
			buildActionMask = 2147483647;
			files = (
				01F219D61BF4EB190009E5C8 /* Assets.xcassets in Resources */,
				01F219D11BF4EB190009E5C8 /* Main.storyboard in Resources */,
			);
			runOnlyForDeploymentPostprocessing = 0;
		};
		01F219DD1BF4EB190009E5C8 /* Resources */ = {
			isa = PBXResourcesBuildPhase;
			buildActionMask = 2147483647;
			files = (
			);
			runOnlyForDeploymentPostprocessing = 0;
		};
		01F219E81BF4EB190009E5C8 /* Resources */ = {
			isa = PBXResourcesBuildPhase;
			buildActionMask = 2147483647;
			files = (
			);
			runOnlyForDeploymentPostprocessing = 0;
		};
/* End PBXResourcesBuildPhase section */

/* Begin PBXSourcesBuildPhase section */
		01F219C41BF4EB190009E5C8 /* Sources */ = {
			isa = PBXSourcesBuildPhase;
			buildActionMask = 2147483647;
			files = (
				01F21A031BF967250009E5C8 /* ViewController.swift in Sources */,
				01F219FD1BF551430009E5C8 /* Goal.swift in Sources */,
				01F219CC1BF4EB190009E5C8 /* AppDelegate.swift in Sources */,
				01F219FF1BF551D80009E5C8 /* GoalTableViewCell.swift in Sources */,
				011C983E1BF9C58B00341F30 /* LocationView.swift in Sources */,
				01F21A011BF55B0B0009E5C8 /* GoalTableViewController.swift in Sources */,
				01F219D41BF4EB190009E5C8 /* Goals.xcdatamodeld in Sources */,
			);
			runOnlyForDeploymentPostprocessing = 0;
		};
		01F219DB1BF4EB190009E5C8 /* Sources */ = {
			isa = PBXSourcesBuildPhase;
			buildActionMask = 2147483647;
			files = (
				01F219E41BF4EB190009E5C8 /* GoalsTests.swift in Sources */,
			);
			runOnlyForDeploymentPostprocessing = 0;
		};
		01F219E61BF4EB190009E5C8 /* Sources */ = {
			isa = PBXSourcesBuildPhase;
			buildActionMask = 2147483647;
			files = (
				01F219EF1BF4EB190009E5C8 /* GoalsUITests.swift in Sources */,
			);
			runOnlyForDeploymentPostprocessing = 0;
		};
/* End PBXSourcesBuildPhase section */

/* Begin PBXTargetDependency section */
		01F219E11BF4EB190009E5C8 /* PBXTargetDependency */ = {
			isa = PBXTargetDependency;
			target = 01F219C71BF4EB190009E5C8 /* Goals */;
			targetProxy = 01F219E01BF4EB190009E5C8 /* PBXContainerItemProxy */;
		};
		01F219EC1BF4EB190009E5C8 /* PBXTargetDependency */ = {
			isa = PBXTargetDependency;
			target = 01F219C71BF4EB190009E5C8 /* Goals */;
			targetProxy = 01F219EB1BF4EB190009E5C8 /* PBXContainerItemProxy */;
		};
/* End PBXTargetDependency section */

/* Begin PBXVariantGroup section */
		01F219CF1BF4EB190009E5C8 /* Main.storyboard */ = {
			isa = PBXVariantGroup;
			children = (
				01F219D01BF4EB190009E5C8 /* Base */,
			);
			name = Main.storyboard;
			sourceTree = "<group>";
		};
/* End PBXVariantGroup section */

/* Begin XCBuildConfiguration section */
		01F219F11BF4EB190009E5C8 /* Debug */ = {
			isa = XCBuildConfiguration;
			buildSettings = {
				ALWAYS_SEARCH_USER_PATHS = NO;
				CLANG_CXX_LANGUAGE_STANDARD = "gnu++0x";
				CLANG_CXX_LIBRARY = "libc++";
				CLANG_ENABLE_MODULES = YES;
				CLANG_ENABLE_OBJC_ARC = YES;
				CLANG_WARN_BOOL_CONVERSION = YES;
				CLANG_WARN_CONSTANT_CONVERSION = YES;
				CLANG_WARN_DIRECT_OBJC_ISA_USAGE = YES_ERROR;
				CLANG_WARN_EMPTY_BODY = YES;
				CLANG_WARN_ENUM_CONVERSION = YES;
				CLANG_WARN_INT_CONVERSION = YES;
				CLANG_WARN_OBJC_ROOT_CLASS = YES_ERROR;
				CLANG_WARN_UNREACHABLE_CODE = YES;
				CLANG_WARN__DUPLICATE_METHOD_MATCH = YES;
				"CODE_SIGN_IDENTITY[sdk=iphoneos*]" = "iPhone Developer";
				COPY_PHASE_STRIP = NO;
				DEBUG_INFORMATION_FORMAT = dwarf;
				ENABLE_STRICT_OBJC_MSGSEND = YES;
				ENABLE_TESTABILITY = YES;
				GCC_C_LANGUAGE_STANDARD = gnu99;
				GCC_DYNAMIC_NO_PIC = NO;
				GCC_NO_COMMON_BLOCKS = YES;
				GCC_OPTIMIZATION_LEVEL = 0;
				GCC_PREPROCESSOR_DEFINITIONS = (
					"DEBUG=1",
					"$(inherited)",
				);
				GCC_WARN_64_TO_32_BIT_CONVERSION = YES;
				GCC_WARN_ABOUT_RETURN_TYPE = YES_ERROR;
				GCC_WARN_UNDECLARED_SELECTOR = YES;
				GCC_WARN_UNINITIALIZED_AUTOS = YES_AGGRESSIVE;
				GCC_WARN_UNUSED_FUNCTION = YES;
				GCC_WARN_UNUSED_VARIABLE = YES;
				IPHONEOS_DEPLOYMENT_TARGET = 9.1;
				MTL_ENABLE_DEBUG_INFO = YES;
				ONLY_ACTIVE_ARCH = YES;
				SDKROOT = iphoneos;
				SWIFT_OPTIMIZATION_LEVEL = "-Onone";
				TARGETED_DEVICE_FAMILY = "1,2";
			};
			name = Debug;
		};
		01F219F21BF4EB190009E5C8 /* Release */ = {
			isa = XCBuildConfiguration;
			buildSettings = {
				ALWAYS_SEARCH_USER_PATHS = NO;
				CLANG_CXX_LANGUAGE_STANDARD = "gnu++0x";
				CLANG_CXX_LIBRARY = "libc++";
				CLANG_ENABLE_MODULES = YES;
				CLANG_ENABLE_OBJC_ARC = YES;
				CLANG_WARN_BOOL_CONVERSION = YES;
				CLANG_WARN_CONSTANT_CONVERSION = YES;
				CLANG_WARN_DIRECT_OBJC_ISA_USAGE = YES_ERROR;
				CLANG_WARN_EMPTY_BODY = YES;
				CLANG_WARN_ENUM_CONVERSION = YES;
				CLANG_WARN_INT_CONVERSION = YES;
				CLANG_WARN_OBJC_ROOT_CLASS = YES_ERROR;
				CLANG_WARN_UNREACHABLE_CODE = YES;
				CLANG_WARN__DUPLICATE_METHOD_MATCH = YES;
				"CODE_SIGN_IDENTITY[sdk=iphoneos*]" = "iPhone Developer";
				COPY_PHASE_STRIP = NO;
				DEBUG_INFORMATION_FORMAT = "dwarf-with-dsym";
				ENABLE_NS_ASSERTIONS = NO;
				ENABLE_STRICT_OBJC_MSGSEND = YES;
				GCC_C_LANGUAGE_STANDARD = gnu99;
				GCC_NO_COMMON_BLOCKS = YES;
				GCC_WARN_64_TO_32_BIT_CONVERSION = YES;
				GCC_WARN_ABOUT_RETURN_TYPE = YES_ERROR;
				GCC_WARN_UNDECLARED_SELECTOR = YES;
				GCC_WARN_UNINITIALIZED_AUTOS = YES_AGGRESSIVE;
				GCC_WARN_UNUSED_FUNCTION = YES;
				GCC_WARN_UNUSED_VARIABLE = YES;
				IPHONEOS_DEPLOYMENT_TARGET = 9.1;
				MTL_ENABLE_DEBUG_INFO = NO;
				SDKROOT = iphoneos;
				TARGETED_DEVICE_FAMILY = "1,2";
				VALIDATE_PRODUCT = YES;
			};
			name = Release;
		};
		01F219F41BF4EB190009E5C8 /* Debug */ = {
			isa = XCBuildConfiguration;
			buildSettings = {
				ASSETCATALOG_COMPILER_APPICON_NAME = AppIcon;
				INFOPLIST_FILE = Goals/Info.plist;
				LD_RUNPATH_SEARCH_PATHS = "$(inherited) @executable_path/Frameworks";
				LIBRARY_SEARCH_PATHS = (
					"$(inherited)",
					"$(PROJECT_DIR)/Goals",
				);
				PRODUCT_BUNDLE_IDENTIFIER = edu.virginia.cs.cs4720.Goals;
				PRODUCT_NAME = "$(TARGET_NAME)";
				SWIFT_OBJC_BRIDGING_HEADER = "Goals/Goals-Bridging-Header.h";
			};
			name = Debug;
		};
		01F219F51BF4EB190009E5C8 /* Release */ = {
			isa = XCBuildConfiguration;
			buildSettings = {
				ASSETCATALOG_COMPILER_APPICON_NAME = AppIcon;
				INFOPLIST_FILE = Goals/Info.plist;
				LD_RUNPATH_SEARCH_PATHS = "$(inherited) @executable_path/Frameworks";
				LIBRARY_SEARCH_PATHS = (
					"$(inherited)",
					"$(PROJECT_DIR)/Goals",
				);
				PRODUCT_BUNDLE_IDENTIFIER = edu.virginia.cs.cs4720.Goals;
				PRODUCT_NAME = "$(TARGET_NAME)";
				SWIFT_OBJC_BRIDGING_HEADER = "Goals/Goals-Bridging-Header.h";
			};
			name = Release;
		};
		01F219F71BF4EB190009E5C8 /* Debug */ = {
			isa = XCBuildConfiguration;
			buildSettings = {
				BUNDLE_LOADER = "$(TEST_HOST)";
				INFOPLIST_FILE = GoalsTests/Info.plist;
				LD_RUNPATH_SEARCH_PATHS = "$(inherited) @executable_path/Frameworks @loader_path/Frameworks";
				PRODUCT_BUNDLE_IDENTIFIER = edu.virginia.cs.cs4720.GoalsTests;
				PRODUCT_NAME = "$(TARGET_NAME)";
				TEST_HOST = "$(BUILT_PRODUCTS_DIR)/Goals.app/Goals";
			};
			name = Debug;
		};
		01F219F81BF4EB190009E5C8 /* Release */ = {
			isa = XCBuildConfiguration;
			buildSettings = {
				BUNDLE_LOADER = "$(TEST_HOST)";
				INFOPLIST_FILE = GoalsTests/Info.plist;
				LD_RUNPATH_SEARCH_PATHS = "$(inherited) @executable_path/Frameworks @loader_path/Frameworks";
				PRODUCT_BUNDLE_IDENTIFIER = edu.virginia.cs.cs4720.GoalsTests;
				PRODUCT_NAME = "$(TARGET_NAME)";
				TEST_HOST = "$(BUILT_PRODUCTS_DIR)/Goals.app/Goals";
			};
			name = Release;
		};
		01F219FA1BF4EB190009E5C8 /* Debug */ = {
			isa = XCBuildConfiguration;
			buildSettings = {
				INFOPLIST_FILE = GoalsUITests/Info.plist;
				LD_RUNPATH_SEARCH_PATHS = "$(inherited) @executable_path/Frameworks @loader_path/Frameworks";
				PRODUCT_BUNDLE_IDENTIFIER = edu.virginia.cs.cs4720.GoalsUITests;
				PRODUCT_NAME = "$(TARGET_NAME)";
				TEST_TARGET_NAME = Goals;
				USES_XCTRUNNER = YES;
			};
			name = Debug;
		};
		01F219FB1BF4EB190009E5C8 /* Release */ = {
			isa = XCBuildConfiguration;
			buildSettings = {
				INFOPLIST_FILE = GoalsUITests/Info.plist;
				LD_RUNPATH_SEARCH_PATHS = "$(inherited) @executable_path/Frameworks @loader_path/Frameworks";
				PRODUCT_BUNDLE_IDENTIFIER = edu.virginia.cs.cs4720.GoalsUITests;
				PRODUCT_NAME = "$(TARGET_NAME)";
				TEST_TARGET_NAME = Goals;
				USES_XCTRUNNER = YES;
			};
			name = Release;
		};
/* End XCBuildConfiguration section */

/* Begin XCConfigurationList section */
		01F219C31BF4EB190009E5C8 /* Build configuration list for PBXProject "Goals" */ = {
			isa = XCConfigurationList;
			buildConfigurations = (
				01F219F11BF4EB190009E5C8 /* Debug */,
				01F219F21BF4EB190009E5C8 /* Release */,
			);
			defaultConfigurationIsVisible = 0;
			defaultConfigurationName = Release;
		};
		01F219F31BF4EB190009E5C8 /* Build configuration list for PBXNativeTarget "Goals" */ = {
			isa = XCConfigurationList;
			buildConfigurations = (
				01F219F41BF4EB190009E5C8 /* Debug */,
				01F219F51BF4EB190009E5C8 /* Release */,
			);
			defaultConfigurationIsVisible = 0;
			defaultConfigurationName = Release;
		};
		01F219F61BF4EB190009E5C8 /* Build configuration list for PBXNativeTarget "GoalsTests" */ = {
			isa = XCConfigurationList;
			buildConfigurations = (
				01F219F71BF4EB190009E5C8 /* Debug */,
				01F219F81BF4EB190009E5C8 /* Release */,
			);
			defaultConfigurationIsVisible = 0;
			defaultConfigurationName = Release;
		};
		01F219F91BF4EB190009E5C8 /* Build configuration list for PBXNativeTarget "GoalsUITests" */ = {
			isa = XCConfigurationList;
			buildConfigurations = (
				01F219FA1BF4EB190009E5C8 /* Debug */,
				01F219FB1BF4EB190009E5C8 /* Release */,
			);
			defaultConfigurationIsVisible = 0;
			defaultConfigurationName = Release;
		};
/* End XCConfigurationList section */

/* Begin XCVersionGroup section */
		01F219D21BF4EB190009E5C8 /* Goals.xcdatamodeld */ = {
			isa = XCVersionGroup;
			children = (
				01F219D31BF4EB190009E5C8 /* Goals.xcdatamodel */,
			);
			currentVersion = 01F219D31BF4EB190009E5C8 /* Goals.xcdatamodel */;
			path = Goals.xcdatamodeld;
			sourceTree = "<group>";
			versionGroupType = wrapper.xcdatamodel;
		};
/* End XCVersionGroup section */
	};
	rootObject = 01F219C01BF4EB190009E5C8 /* Project object */;
}
